
Microsoft Visual Studio Solution File, Format Version 12.00
# Visual Studio Version 17
VisualStudioVersion = 17.11.35327.3
MinimumVisualStudioVersion = 10.0.40219.1
Project("{9A19103F-16F7-4668-BE54-9A1E7A4F7556}") = "ZONDBI", "ZONDBI\ZONDBI.csproj", "{9C06F28F-EF07-4DC6-8306-A4FA06DFB4E5}"
EndProject
Project("{FAE04EC0-301F-11D3-BF4B-00C04F79EFBC}") = "TestProject1", "TestProject1\TestProject1.csproj", "{13497ACC-24D4-4806-A239-D73CC2957CD5}"
EndProject
Global
	GlobalSection(SolutionConfigurationPlatforms) = preSolution
		Debug|Any CPU = Debug|Any CPU
		Release|Any CPU = Release|Any CPU
	EndGlobalSection
	GlobalSection(ProjectConfigurationPlatforms) = postSolution
		{9C06F28F-EF07-4DC6-8306-A4FA06DFB4E5}.Debug|Any CPU.ActiveCfg = Debug|Any CPU
		{9C06F28F-EF07-4DC6-8306-A4FA06DFB4E5}.Debug|Any CPU.Build.0 = Debug|Any CPU
		{9C06F28F-EF07-4DC6-8306-A4FA06DFB4E5}.Release|Any CPU.ActiveCfg = Release|Any CPU
		{9C06F28F-EF07-4DC6-8306-A4FA06DFB4E5}.Release|Any CPU.Build.0 = Release|Any CPU
		{13497ACC-24D4-4806-A239-D73CC2957CD5}.Debug|Any CPU.ActiveCfg = Debug|Any CPU
		{13497ACC-24D4-4806-A239-D73CC2957CD5}.Debug|Any CPU.Build.0 = Debug|Any CPU
		{13497ACC-24D4-4806-A239-D73CC2957CD5}.Release|Any CPU.ActiveCfg = Release|Any CPU
		{13497ACC-24D4-4806-A239-D73CC2957CD5}.Release|Any CPU.Build.0 = Release|Any CPU
	EndGlobalSection
	GlobalSection(SolutionProperties) = preSolution
		HideSolutionNode = FALSE
	EndGlobalSection
	GlobalSection(ExtensibilityGlobals) = postSolution
		SolutionGuid = {9BC4FF9D-5A18-49AB-B0DF-AFFC7F7A5E96}
	EndGlobalSection
EndGlobal
